[[package]]
category = "main"
description = "The Cython compiler for writing C extensions for the Python language."
name = "cython"
optional = false
platform = "*"
python-versions = ">=2.6, !=3.0.*, !=3.1.*, !=3.2.*"
version = "0.29.7"

[[package]]
category = "main"
description = "NumPy is the fundamental package for array computing with Python."
name = "numpy"
optional = false
platform = "Windows"
python-versions = ">=2.7,!=3.0.*,!=3.1.*,!=3.2.*,!=3.3.*"
version = "1.16.2"

[metadata]
content-hash = "3893792a22e8b80de4e199a8ce86f25f42fb97bf481f5a6992a3e78d800cd05f"
platform = "*"
python-versions = "^3.6 || ^3.7"

[metadata.hashes]
cython = ["0ce8f6c789c907472c9084a44b625eba76a85d0189513de1497ab102a9d39ef8", "0d67964b747ac09758ba31fe25da2f66f575437df5f121ff481889a7a4485f56", "1630823619a87a814e5c1fa9f96544272ce4f94a037a34093fbec74989342328", "1a4c634bb049c8482b7a4f3121330de1f1c1f66eac3570e1e885b0c392b6a451", "1ec91cc09e9f9a2c3173606232adccc68f3d14be1a15a8c5dc6ab97b47b31528", "237a8fdd8333f7248718875d930d1e963ffa519fefeb0756d01d91cbfadab0bc", "28a308cbfdf9b7bb44def918ad4a26b2d25a0095fa2f123addda33a32f308d00", "2fe3dde34fa125abf29996580d0182c18b8a240d7fa46d10984cc28d27808731", "30bda294346afa78c49a343e26f3ab2ad701e09f6a6373f579593f0cfcb1235a", "33d27ea23e12bf0d420e40c20308c03ef192d312e187c1f72f385edd9bd6d570", "34d24d9370a6089cdd5afe56aa3c4af456e6400f8b4abb030491710ee765bafc", "4e4877c2b96fae90f26ee528a87b9347872472b71c6913715ca15c8fe86a68c9", "50d6f1f26702e5f2a19890c7bc3de00f9b8a0ec131b52edccd56a60d02519649", "55d081162191b7c11c7bfcb7c68e913827dfd5de6ecdbab1b99dab190586c1e8", "59d339c7f99920ff7e1d9d162ea309b35775172e4bab9553f1b968cd43b21d6d", "6cf4d10df9edc040c955fca708bbd65234920e44c30fccd057ecf3128efb31ad", "6ec362539e2a6cf2329cd9820dec64868d8f0babe0d8dc5deff6c87a84d13f68", "7edc61a17c14b6e54d5317b0300d2da23d94a719c466f93cafa3b666b058c43b", "8e37fc4db3f2c4e7e1ed98fe4fe313f1b7202df985de4ee1451d2e331332afae", "b8c996bde5852545507bff45af44328fa48a7b22b5bec2f43083f0b8d1024fd9", "bf9c16f3d46af82f89fdefc0d64b2fb02f899c20da64548a8ea336beefcf8d23", "c1038aba898bed34ab1b5ddb0d3f9c9ae33b0649387ab9ffe6d0af677f66bfc1", "d405649c1bfc42e20d86178257658a859a3217b6e6d950ee8cb76353fcea9c39", "db6eeb20a3bd60e1cdcf6ce9a784bc82aec6ab891c800dc5d7824d5cfbfe77f2", "e382f8cb40dca45c3b439359028a4b60e74e22d391dc2deb360c0b8239d6ddc0", "f3f6c09e2c76f2537d61f907702dd921b04d1c3972f01d5530ef1f748f22bd89", "f749287087f67957c020e1de26906e88b8b0c4ea588facb7349c115a63346f67", "f86b96e014732c0d1ded2c1f51444c80176a98c21856d0da533db4e4aef54070"]
numpy = ["1980f8d84548d74921685f68096911585fee393975f53797614b34d4f409b6da", "22752cd809272671b273bb86df0f505f505a12368a3a5fc0aa811c7ece4dfd5c", "23cc40313036cffd5d1873ef3ce2e949bdee0646c5d6f375bf7ee4f368db2511", "2b0b118ff547fecabc247a2668f48f48b3b1f7d63676ebc5be7352a5fd9e85a5", "3a0bd1edf64f6a911427b608a894111f9fcdb25284f724016f34a84c9a3a6ea9", "3f25f6c7b0d000017e5ac55977a3999b0b1a74491eacb3c1aa716f0e01f6dcd1", "4061c79ac2230594a7419151028e808239450e676c39e58302ad296232e3c2e8", "560ceaa24f971ab37dede7ba030fc5d8fa173305d94365f814d9523ffd5d5916", "62be044cd58da2a947b7e7b2252a10b42920df9520fc3d39f5c4c70d5460b8ba", "6c692e3879dde0b67a9dc78f9bfb6f61c666b4562fd8619632d7043fb5b691b0", "6f65e37b5a331df950ef6ff03bd4136b3c0bbcf44d4b8e99135d68a537711b5a", "7a78cc4ddb253a55971115f8320a7ce28fd23a065fc33166d601f51760eecfa9", "80a41edf64a3626e729a62df7dd278474fc1726836552b67a8c6396fd7e86760", "893f4d75255f25a7b8516feb5766c6b63c54780323b9bd4bc51cdd7efc943c73", "972ea92f9c1b54cc1c1a3d8508e326c0114aaf0f34996772a30f3f52b73b942f", "9f1d4865436f794accdabadc57a8395bd3faa755449b4f65b88b7df65ae05f89", "9f4cd7832b35e736b739be03b55875706c8c3e5fe334a06210f1a61e5c2c8ca5", "adab43bf657488300d3aeeb8030d7f024fcc86e3a9b8848741ea2ea903e56610", "bd2834d496ba9b1bdda3a6cf3de4dc0d4a0e7be306335940402ec95132ad063d", "d20c0360940f30003a23c0adae2fe50a0a04f3e48dc05c298493b51fd6280197", "d3b3ed87061d2314ff3659bb73896e622252da52558f2380f12c421fbdee3d89", "dc235bf29a406dfda5790d01b998a1c01d7d37f449128c0b1b7d1c89a84fae8b", "fb3c83554f39f48f3fa3123b9c24aecf681b1c289f9334f8215c1d3c8e2f6e5b"]
